
Microsoft Visual Studio Solution File, Format Version 12.00
# Visual Studio Version 17
VisualStudioVersion = 17.4.33015.44
MinimumVisualStudioVersion = 10.0.40219.1
Project("{FAE04EC0-301F-11D3-BF4B-00C04F79EFBC}") = "GrpcService", "GrpcService\GrpcService.csproj", "{B2B17F18-3B57-45BF-AA2D-A9E336F91EEC}"
EndProject
Project("{FAE04EC0-301F-11D3-BF4B-00C04F79EFBC}") = "GrpcClient", "GrpcClient\GrpcClient.csproj", "{5178A5C0-5B06-4DD8-B31C-12D99597FB3E}"
EndProject
Project("{E53339B2-1760-4266-BCC7-CA923CBCF16C}") = "docker-compose", "docker-compose.dcproj", "{068B33E0-3ECC-4151-B19F-92E6EF2590D5}"
EndProject
Global
	GlobalSection(SolutionConfigurationPlatforms) = preSolution
		Debug|Any CPU = Debug|Any CPU
		Release|Any CPU = Release|Any CPU
	EndGlobalSection
	GlobalSection(ProjectConfigurationPlatforms) = postSolution
		{B2B17F18-3B57-45BF-AA2D-A9E336F91EEC}.Debug|Any CPU.ActiveCfg = Debug|Any CPU
		{B2B17F18-3B57-45BF-AA2D-A9E336F91EEC}.Debug|Any CPU.Build.0 = Debug|Any CPU
		{B2B17F18-3B57-45BF-AA2D-A9E336F91EEC}.Release|Any CPU.ActiveCfg = Release|Any CPU
		{B2B17F18-3B57-45BF-AA2D-A9E336F91EEC}.Release|Any CPU.Build.0 = Release|Any CPU
		{5178A5C0-5B06-4DD8-B31C-12D99597FB3E}.Debug|Any CPU.ActiveCfg = Debug|Any CPU
		{5178A5C0-5B06-4DD8-B31C-12D99597FB3E}.Debug|Any CPU.Build.0 = Debug|Any CPU
		{5178A5C0-5B06-4DD8-B31C-12D99597FB3E}.Release|Any CPU.ActiveCfg = Release|Any CPU
		{5178A5C0-5B06-4DD8-B31C-12D99597FB3E}.Release|Any CPU.Build.0 = Release|Any CPU
		{068B33E0-3ECC-4151-B19F-92E6EF2590D5}.Debug|Any CPU.ActiveCfg = Debug|Any CPU
		{068B33E0-3ECC-4151-B19F-92E6EF2590D5}.Debug|Any CPU.Build.0 = Debug|Any CPU
		{068B33E0-3ECC-4151-B19F-92E6EF2590D5}.Release|Any CPU.ActiveCfg = Release|Any CPU
		{068B33E0-3ECC-4151-B19F-92E6EF2590D5}.Release|Any CPU.Build.0 = Release|Any CPU
	EndGlobalSection
	GlobalSection(SolutionProperties) = preSolution
		HideSolutionNode = FALSE
	EndGlobalSection
	GlobalSection(ExtensibilityGlobals) = postSolution
		SolutionGuid = {42E7FAE9-BFA5-4857-8D2C-CBC17DC81B22}
	EndGlobalSection
EndGlobal
